
Microsoft Visual Studio Solution File, Format Version 12.00
# Visual Studio Version 17
VisualStudioVersion = 17.11.35312.102
MinimumVisualStudioVersion = 10.0.40219.1
Project("{9A19103F-16F7-4668-BE54-9A1E7A4F7556}") = "PersonalDeskThing.App", "PersonalDeskThing.App\PersonalDeskThing.App\PersonalDeskThing.App.csproj", "{516BE5E9-440C-437C-8E0A-40B607E4B554}"
EndProject
Project("{9A19103F-16F7-4668-BE54-9A1E7A4F7556}") = "PersonalDeskThing.App.Client", "PersonalDeskThing.App\PersonalDeskThing.App.Client\PersonalDeskThing.App.Client.csproj", "{632ED20C-86DD-45EF-9D5C-B1CF75C03C79}"
EndProject
Project("{2150E333-8FDC-42A3-9474-1A3956D46DE8}") = "Solution Items", "Solution Items", "{5F39453E-899D-427B-A26D-206EEC07C035}"
	ProjectSection(SolutionItems) = preProject
		.editorconfig = .editorconfig
	EndProjectSection
EndProject
Global
	GlobalSection(SolutionConfigurationPlatforms) = preSolution
		Debug|Any CPU = Debug|Any CPU
		Release|Any CPU = Release|Any CPU
	EndGlobalSection
	GlobalSection(ProjectConfigurationPlatforms) = postSolution
		{516BE5E9-440C-437C-8E0A-40B607E4B554}.Debug|Any CPU.ActiveCfg = Debug|Any CPU
		{516BE5E9-440C-437C-8E0A-40B607E4B554}.Debug|Any CPU.Build.0 = Debug|Any CPU
		{516BE5E9-440C-437C-8E0A-40B607E4B554}.Release|Any CPU.ActiveCfg = Release|Any CPU
		{516BE5E9-440C-437C-8E0A-40B607E4B554}.Release|Any CPU.Build.0 = Release|Any CPU
		{632ED20C-86DD-45EF-9D5C-B1CF75C03C79}.Debug|Any CPU.ActiveCfg = Debug|Any CPU
		{632ED20C-86DD-45EF-9D5C-B1CF75C03C79}.Debug|Any CPU.Build.0 = Debug|Any CPU
		{632ED20C-86DD-45EF-9D5C-B1CF75C03C79}.Release|Any CPU.ActiveCfg = Release|Any CPU
		{632ED20C-86DD-45EF-9D5C-B1CF75C03C79}.Release|Any CPU.Build.0 = Release|Any CPU
	EndGlobalSection
	GlobalSection(SolutionProperties) = preSolution
		HideSolutionNode = FALSE
	EndGlobalSection
	GlobalSection(ExtensibilityGlobals) = postSolution
		SolutionGuid = {4AE9D066-692A-4F18-B226-3677C714BA97}
	EndGlobalSection
EndGlobal
